
Microsoft Visual Studio Solution File, Format Version 12.00
# Visual Studio Version 17
VisualStudioVersion = 17.9.34616.47
MinimumVisualStudioVersion = 10.0.40219.1
Project("{FAE04EC0-301F-11D3-BF4B-00C04F79EFBC}") = "RazorPagesMovie", "RazorPagesMovie\RazorPagesMovie.csproj", "{CCAA3D86-AD84-44F8-A0AF-15D6D5011719}"
EndProject
Global
	GlobalSection(SolutionConfigurationPlatforms) = preSolution
		Debug|Any CPU = Debug|Any CPU
		Release|Any CPU = Release|Any CPU
	EndGlobalSection
	GlobalSection(ProjectConfigurationPlatforms) = postSolution
		{CCAA3D86-AD84-44F8-A0AF-15D6D5011719}.Debug|Any CPU.ActiveCfg = Debug|Any CPU
		{CCAA3D86-AD84-44F8-A0AF-15D6D5011719}.Debug|Any CPU.Build.0 = Debug|Any CPU
		{CCAA3D86-AD84-44F8-A0AF-15D6D5011719}.Release|Any CPU.ActiveCfg = Release|Any CPU
		{CCAA3D86-AD84-44F8-A0AF-15D6D5011719}.Release|Any CPU.Build.0 = Release|Any CPU
	EndGlobalSection
	GlobalSection(SolutionProperties) = preSolution
		HideSolutionNode = FALSE
	EndGlobalSection
	GlobalSection(ExtensibilityGlobals) = postSolution
		SolutionGuid = {31206515-4F31-49C1-A482-3F67F84641DD}
	EndGlobalSection
EndGlobal
